// !$*UTF8*$!
{
	archiveVersion = 1;
	classes = {
	};
	objectVersion = 50;
	objects = {

/* Begin PBXBuildFile section */
		092ED1E6248C63FB00869007 /* AppDelegate.m in Sources */ = {isa = PBXBuildFile; fileRef = 092ED1E5248C63FB00869007 /* AppDelegate.m */; };
		092ED1E9248C63FB00869007 /* ViewController.m in Sources */ = {isa = PBXBuildFile; fileRef = 092ED1E8248C63FB00869007 /* ViewController.m */; };
		092ED1EB248C63FB00869007 /* Assets.xcassets in Resources */ = {isa = PBXBuildFile; fileRef = 092ED1EA248C63FB00869007 /* Assets.xcassets */; };
		092ED1EE248C63FB00869007 /* Main.storyboard in Resources */ = {isa = PBXBuildFile; fileRef = 092ED1EC248C63FB00869007 /* Main.storyboard */; };
		092ED1F1248C63FB00869007 /* main.m in Sources */ = {isa = PBXBuildFile; fileRef = 092ED1F0248C63FB00869007 /* main.m */; };
		092ED1F9248C668100869007 /* NESCHRTileItem.m in Sources */ = {isa = PBXBuildFile; fileRef = 092ED1F7248C668100869007 /* NESCHRTileItem.m */; };
		092ED1FA248C668100869007 /* NESCHRTileItem.xib in Resources */ = {isa = PBXBuildFile; fileRef = 092ED1F8248C668100869007 /* NESCHRTileItem.xib */; };
		092ED1FE248C6E3E00869007 /* HeaderView.xib in Resources */ = {isa = PBXBuildFile; fileRef = 092ED1FD248C6E3E00869007 /* HeaderView.xib */; };
		092ED201248C6EC800869007 /* HeaderView.m in Sources */ = {isa = PBXBuildFile; fileRef = 092ED200248C6EC800869007 /* HeaderView.m */; };
		092ED204248C78C800869007 /* CHRDataSource.mm in Sources */ = {isa = PBXBuildFile; fileRef = 092ED203248C78C800869007 /* CHRDataSource.mm */; };
		092ED206248C7B8000869007 /* smb3.nes in Resources */ = {isa = PBXBuildFile; fileRef = 092ED205248C7B7F00869007 /* smb3.nes */; };
		092ED208248C8D2500869007 /* utils.cpp in Sources */ = {isa = PBXBuildFile; fileRef = 09FADC8924847CB40020B5D4 /* utils.cpp */; };
		092ED20D248C95AB00869007 /* NoInterpolationImageView.m in Sources */ = {isa = PBXBuildFile; fileRef = 092ED20C248C95AB00869007 /* NoInterpolationImageView.m */; };
		092ED20E248CA6DE00869007 /* header.cpp in Sources */ = {isa = PBXBuildFile; fileRef = 09FADC8124847CB40020B5D4 /* header.cpp */; };
		092ED210248CA72900869007 /* header.hpp in Sources */ = {isa = PBXBuildFile; fileRef = 09FADC8C24847CB40020B5D4 /* header.hpp */; };
		092ED212248CA9EA00869007 /* smb2.nes in Resources */ = {isa = PBXBuildFile; fileRef = 092ED211248CA9CF00869007 /* smb2.nes */; };
		092ED214248CAB7F00869007 /* crystalis.nes in Resources */ = {isa = PBXBuildFile; fileRef = 092ED213248CAB7300869007 /* crystalis.nes */; };
		092ED215248CAC0500869007 /* types.h in Sources */ = {isa = PBXBuildFile; fileRef = 09FADCC524847CD30020B5D4 /* types.h */; };
		0972D492249AED4C00B771EC /* nes003.cpp in Sources */ = {isa = PBXBuildFile; fileRef = 0972D48F249AED4B00B771EC /* nes003.cpp */; };
		0972D493249AED4C00B771EC /* nes002.cpp in Sources */ = {isa = PBXBuildFile; fileRef = 0972D491249AED4C00B771EC /* nes002.cpp */; };
		0972D494249AED6900B771EC /* screen.hpp in Sources */ = {isa = PBXBuildFile; fileRef = 09FADC7324847CB30020B5D4 /* screen.hpp */; };
		0972D496249AEE8C00B771EC /* mplus-2c-medium.ttf in CopyFiles */ = {isa = PBXBuildFile; fileRef = 0972D495249AEE8B00B771EC /* mplus-2c-medium.ttf */; };
		09824A022488945700951FC0 /* td.cpp in Sources */ = {isa = PBXBuildFile; fileRef = 09824A002488945700951FC0 /* td.cpp */; };
		09E3BF872478F60B00496742 /* libgflags.2.2.2.dylib in Frameworks */ = {isa = PBXBuildFile; fileRef = 09E3BF862478F60B00496742 /* libgflags.2.2.2.dylib */; };
		09E3BF8B2478F62200496742 /* libSDL2-2.0.0.dylib in Frameworks */ = {isa = PBXBuildFile; fileRef = 09E3BF8A2478F62200496742 /* libSDL2-2.0.0.dylib */; };
		09FADC9124847CB40020B5D4 /* main.cpp in Sources */ = {isa = PBXBuildFile; fileRef = 09FADC7524847CB30020B5D4 /* main.cpp */; };
		09FADC9224847CB40020B5D4 /* tm.cpp in Sources */ = {isa = PBXBuildFile; fileRef = 09FADC7724847CB30020B5D4 /* tm.cpp */; };
		09FADC9324847CB40020B5D4 /* ops.cpp in Sources */ = {isa = PBXBuildFile; fileRef = 09FADC7824847CB30020B5D4 /* ops.cpp */; };
		09FADC9524847CB40020B5D4 /* op_names.cpp in Sources */ = {isa = PBXBuildFile; fileRef = 09FADC7E24847CB30020B5D4 /* op_names.cpp */; };
		09FADC9624847CB40020B5D4 /* Sound_Queue.cpp in Sources */ = {isa = PBXBuildFile; fileRef = 09FADC8024847CB40020B5D4 /* Sound_Queue.cpp */; };
		09FADC9724847CB40020B5D4 /* header.cpp in Sources */ = {isa = PBXBuildFile; fileRef = 09FADC8124847CB40020B5D4 /* header.cpp */; };
		09FADC9824847CB40020B5D4 /* screen.cpp in Sources */ = {isa = PBXBuildFile; fileRef = 09FADC8424847CB40020B5D4 /* screen.cpp */; };
		09FADC9A24847CB40020B5D4 /* utils.cpp in Sources */ = {isa = PBXBuildFile; fileRef = 09FADC8924847CB40020B5D4 /* utils.cpp */; };
		09FADC9B24847CB40020B5D4 /* cpu6502.cpp in Sources */ = {isa = PBXBuildFile; fileRef = 09FADC8A24847CB40020B5D4 /* cpu6502.cpp */; };
		09FADC9C24847CB40020B5D4 /* ppu.cpp in Sources */ = {isa = PBXBuildFile; fileRef = 09FADC8D24847CB40020B5D4 /* ppu.cpp */; };
		09FADC9D24847CB40020B5D4 /* bus.cpp in Sources */ = {isa = PBXBuildFile; fileRef = 09FADC8F24847CB40020B5D4 /* bus.cpp */; };
		09FADCA624847CBA0020B5D4 /* nes001.cpp in Sources */ = {isa = PBXBuildFile; fileRef = 09FADCA124847CBA0020B5D4 /* nes001.cpp */; };
		09FADCA724847CBA0020B5D4 /* nes004.cpp in Sources */ = {isa = PBXBuildFile; fileRef = 09FADCA424847CBA0020B5D4 /* nes004.cpp */; };
		09FADCBF24847CC70020B5D4 /* apu_snapshot.cpp in Sources */ = {isa = PBXBuildFile; fileRef = 09FADCB024847CC60020B5D4 /* apu_snapshot.cpp */; };
		09FADCD324847E550020B5D4 /* apu_snapshot.cpp in Sources */ = {isa = PBXBuildFile; fileRef = 09FADCB024847CC60020B5D4 /* apu_snapshot.cpp */; };
		09FADCD724847E550020B5D4 /* Blip_Buffer.cpp in Sources */ = {isa = PBXBuildFile; fileRef = 09FADCB224847CC60020B5D4 /* Blip_Buffer.cpp */; };
		09FADCDA24847E550020B5D4 /* Multi_Buffer.cpp in Sources */ = {isa = PBXBuildFile; fileRef = 09FADCB124847CC60020B5D4 /* Multi_Buffer.cpp */; };
		09FADCDC24847E550020B5D4 /* Nes_Apu.cpp in Sources */ = {isa = PBXBuildFile; fileRef = 09FADCB424847CC60020B5D4 /* Nes_Apu.cpp */; };
		09FADCDE24847E550020B5D4 /* Nes_Namco.cpp in Sources */ = {isa = PBXBuildFile; fileRef = 09FADCB724847CC60020B5D4 /* Nes_Namco.cpp */; };
		09FADCE024847E550020B5D4 /* Nes_Oscs.cpp in Sources */ = {isa = PBXBuildFile; fileRef = 09FADCAD24847CC60020B5D4 /* Nes_Oscs.cpp */; };
		09FADCE224847E550020B5D4 /* Nes_Vrc6.cpp in Sources */ = {isa = PBXBuildFile; fileRef = 09FADCAB24847CC60020B5D4 /* Nes_Vrc6.cpp */; };
		09FADCE424847E550020B5D4 /* Nonlinear_Buffer.cpp in Sources */ = {isa = PBXBuildFile; fileRef = 09FADCBC24847CC70020B5D4 /* Nonlinear_Buffer.cpp */; };
		09FADCED24847F530020B5D4 /* util.cc in Sources */ = {isa = PBXBuildFile; fileRef = 09FADCEC24847F530020B5D4 /* util.cc */; };
		09FADCEE24847F7B0020B5D4 /* libnes_apu.dylib in Frameworks */ = {isa = PBXBuildFile; fileRef = 09FADCCA24847E430020B5D4 /* libnes_apu.dylib */; };
		09FADCEF24847F7B0020B5D4 /* libnes_apu.dylib in Embed Libraries */ = {isa = PBXBuildFile; fileRef = 09FADCCA24847E430020B5D4 /* libnes_apu.dylib */; settings = {ATTRIBUTES = (CodeSignOnCopy, ); }; };
		09FADCF324847F920020B5D4 /* Simple_Apu.cpp in Sources */ = {isa = PBXBuildFile; fileRef = 09FADC7A24847CB30020B5D4 /* Simple_Apu.cpp */; };
		09FADCF4248481450020B5D4 /* apu_snapshot.h in Headers */ = {isa = PBXBuildFile; fileRef = 09FADCBA24847CC70020B5D4 /* apu_snapshot.h */; };
		09FADCF5248481450020B5D4 /* blargg_common.h in Headers */ = {isa = PBXBuildFile; fileRef = 09FADCAC24847CC60020B5D4 /* blargg_common.h */; };
		09FADCF6248481450020B5D4 /* blargg_source.h in Headers */ = {isa = PBXBuildFile; fileRef = 09FADCB324847CC60020B5D4 /* blargg_source.h */; };
		09FADCF7248481450020B5D4 /* Blip_Buffer.h in Headers */ = {isa = PBXBuildFile; fileRef = 09FADCB524847CC60020B5D4 /* Blip_Buffer.h */; };
		09FADCF8248481450020B5D4 /* Blip_Synth.h in Headers */ = {isa = PBXBuildFile; fileRef = 09FADCA824847CC50020B5D4 /* Blip_Synth.h */; };
		09FADCF9248481450020B5D4 /* Multi_Buffer.h in Headers */ = {isa = PBXBuildFile; fileRef = 09FADCAA24847CC60020B5D4 /* Multi_Buffer.h */; };
		09FADCFA248481450020B5D4 /* Nes_Apu.h in Headers */ = {isa = PBXBuildFile; fileRef = 09FADCB624847CC60020B5D4 /* Nes_Apu.h */; };
		09FADCFB248481450020B5D4 /* Nes_Namco.h in Headers */ = {isa = PBXBuildFile; fileRef = 09FADCBB24847CC70020B5D4 /* Nes_Namco.h */; };
		09FADCFC248481450020B5D4 /* Nes_Oscs.h in Headers */ = {isa = PBXBuildFile; fileRef = 09FADCB824847CC70020B5D4 /* Nes_Oscs.h */; };
		09FADCFD248481450020B5D4 /* Nes_Vrc6.h in Headers */ = {isa = PBXBuildFile; fileRef = 09FADCB924847CC70020B5D4 /* Nes_Vrc6.h */; };
/* End PBXBuildFile section */

/* Begin PBXContainerItemProxy section */
		09FADCE924847EA90020B5D4 /* PBXContainerItemProxy */ = {
			isa = PBXContainerItemProxy;
			containerPortal = 09A2C02B2478E38A00CFB287 /* Project object */;
			proxyType = 1;
			remoteGlobalIDString = 09FADCC924847E430020B5D4;
			remoteInfo = nes_apu;
		};
		09FADCF024847F7B0020B5D4 /* PBXContainerItemProxy */ = {
			isa = PBXContainerItemProxy;
			containerPortal = 09A2C02B2478E38A00CFB287 /* Project object */;
			proxyType = 1;
			remoteGlobalIDString = 09FADCC924847E430020B5D4;
			remoteInfo = nes_apu;
		};
/* End PBXContainerItemProxy section */

/* Begin PBXCopyFilesBuildPhase section */
		09A2C0312478E38A00CFB287 /* CopyFiles */ = {
			isa = PBXCopyFilesBuildPhase;
			buildActionMask = 12;
			dstPath = "";
			dstSubfolderSpec = 16;
			files = (
				0972D496249AEE8C00B771EC /* mplus-2c-medium.ttf in CopyFiles */,
			);
			runOnlyForDeploymentPostprocessing = 0;
		};
		09FADCF224847F7B0020B5D4 /* Embed Libraries */ = {
			isa = PBXCopyFilesBuildPhase;
			buildActionMask = 2147483647;
			dstPath = "";
			dstSubfolderSpec = 10;
			files = (
				09FADCEF24847F7B0020B5D4 /* libnes_apu.dylib in Embed Libraries */,
			);
			name = "Embed Libraries";
			runOnlyForDeploymentPostprocessing = 0;
		};
/* End PBXCopyFilesBuildPhase section */

/* Begin PBXFileReference section */
		092ED1E2248C63FB00869007 /* CHRLoupe.app */ = {isa = PBXFileReference; explicitFileType = wrapper.application; includeInIndex = 0; path = CHRLoupe.app; sourceTree = BUILT_PRODUCTS_DIR; };
		092ED1E4248C63FB00869007 /* AppDelegate.h */ = {isa = PBXFileReference; lastKnownFileType = sourcecode.c.h; path = AppDelegate.h; sourceTree = "<group>"; };
		092ED1E5248C63FB00869007 /* AppDelegate.m */ = {isa = PBXFileReference; lastKnownFileType = sourcecode.c.objc; path = AppDelegate.m; sourceTree = "<group>"; };
		092ED1E7248C63FB00869007 /* ViewController.h */ = {isa = PBXFileReference; lastKnownFileType = sourcecode.c.h; path = ViewController.h; sourceTree = "<group>"; };
		092ED1E8248C63FB00869007 /* ViewController.m */ = {isa = PBXFileReference; lastKnownFileType = sourcecode.c.objc; path = ViewController.m; sourceTree = "<group>"; };
		092ED1EA248C63FB00869007 /* Assets.xcassets */ = {isa = PBXFileReference; lastKnownFileType = folder.assetcatalog; path = Assets.xcassets; sourceTree = "<group>"; };
		092ED1ED248C63FB00869007 /* Base */ = {isa = PBXFileReference; lastKnownFileType = file.storyboard; name = Base; path = Base.lproj/Main.storyboard; sourceTree = "<group>"; };
		092ED1EF248C63FB00869007 /* Info.plist */ = {isa = PBXFileReference; lastKnownFileType = text.plist.xml; path = Info.plist; sourceTree = "<group>"; };
		092ED1F0248C63FB00869007 /* main.m */ = {isa = PBXFileReference; lastKnownFileType = sourcecode.c.objc; path = main.m; sourceTree = "<group>"; };
		092ED1F2248C63FB00869007 /* CHRLoupe.entitlements */ = {isa = PBXFileReference; lastKnownFileType = text.plist.entitlements; path = CHRLoupe.entitlements; sourceTree = "<group>"; };
		092ED1F6248C668100869007 /* NESCHRTileItem.h */ = {isa = PBXFileReference; lastKnownFileType = sourcecode.c.h; path = NESCHRTileItem.h; sourceTree = "<group>"; };
		092ED1F7248C668100869007 /* NESCHRTileItem.m */ = {isa = PBXFileReference; lastKnownFileType = sourcecode.c.objc; path = NESCHRTileItem.m; sourceTree = "<group>"; };
		092ED1F8248C668100869007 /* NESCHRTileItem.xib */ = {isa = PBXFileReference; lastKnownFileType = file.xib; path = NESCHRTileItem.xib; sourceTree = "<group>"; };
		092ED1FD248C6E3E00869007 /* HeaderView.xib */ = {isa = PBXFileReference; lastKnownFileType = file.xib; path = HeaderView.xib; sourceTree = "<group>"; };
		092ED1FF248C6EC800869007 /* HeaderView.h */ = {isa = PBXFileReference; lastKnownFileType = sourcecode.c.h; path = HeaderView.h; sourceTree = "<group>"; };
		092ED200248C6EC800869007 /* HeaderView.m */ = {isa = PBXFileReference; lastKnownFileType = sourcecode.c.objc; path = HeaderView.m; sourceTree = "<group>"; };
		092ED202248C78C800869007 /* CHRDataSource.h */ = {isa = PBXFileReference; explicitFileType = sourcecode.cpp.h; path = CHRDataSource.h; sourceTree = "<group>"; };
		092ED203248C78C800869007 /* CHRDataSource.mm */ = {isa = PBXFileReference; lastKnownFileType = sourcecode.cpp.objcpp; path = CHRDataSource.mm; sourceTree = "<group>"; };
		092ED205248C7B7F00869007 /* smb3.nes */ = {isa = PBXFileReference; lastKnownFileType = file; path = smb3.nes; sourceTree = SOURCE_ROOT; };
		092ED20B248C95AB00869007 /* NoInterpolationImageView.h */ = {isa = PBXFileReference; lastKnownFileType = sourcecode.c.h; path = NoInterpolationImageView.h; sourceTree = "<group>"; };
		092ED20C248C95AB00869007 /* NoInterpolationImageView.m */ = {isa = PBXFileReference; lastKnownFileType = sourcecode.c.objc; path = NoInterpolationImageView.m; sourceTree = "<group>"; };
		092ED211248CA9CF00869007 /* smb2.nes */ = {isa = PBXFileReference; lastKnownFileType = file; name = smb2.nes; path = ../../../Downloads/smb2.nes; sourceTree = "<group>"; };
		092ED213248CAB7300869007 /* crystalis.nes */ = {isa = PBXFileReference; lastKnownFileType = file; path = crystalis.nes; sourceTree = "<group>"; };
		0972D48E249AED4B00B771EC /* nes002.hpp */ = {isa = PBXFileReference; fileEncoding = 4; lastKnownFileType = sourcecode.cpp.h; name = nes002.hpp; path = src/mapper/nes002.hpp; sourceTree = "<group>"; };
		0972D48F249AED4B00B771EC /* nes003.cpp */ = {isa = PBXFileReference; fileEncoding = 4; lastKnownFileType = sourcecode.cpp.cpp; name = nes003.cpp; path = src/mapper/nes003.cpp; sourceTree = "<group>"; };
		0972D490249AED4C00B771EC /* nes003.hpp */ = {isa = PBXFileReference; fileEncoding = 4; lastKnownFileType = sourcecode.cpp.h; name = nes003.hpp; path = src/mapper/nes003.hpp; sourceTree = "<group>"; };
		0972D491249AED4C00B771EC /* nes002.cpp */ = {isa = PBXFileReference; fileEncoding = 4; lastKnownFileType = sourcecode.cpp.cpp; name = nes002.cpp; path = src/mapper/nes002.cpp; sourceTree = "<group>"; };
		0972D495249AEE8B00B771EC /* mplus-2c-medium.ttf */ = {isa = PBXFileReference; lastKnownFileType = file; name = "mplus-2c-medium.ttf"; path = "res/mplus-2c-medium.ttf"; sourceTree = "<group>"; };
		098249FD2488945700951FC0 /* td.hpp */ = {isa = PBXFileReference; fileEncoding = 4; lastKnownFileType = sourcecode.cpp.h; name = td.hpp; path = src/td.hpp; sourceTree = "<group>"; };
		098249FE2488945700951FC0 /* tm.cpp */ = {isa = PBXFileReference; fileEncoding = 4; lastKnownFileType = sourcecode.cpp.cpp; name = tm.cpp; path = src/tm.cpp; sourceTree = "<group>"; };
		098249FF2488945700951FC0 /* tm.hpp */ = {isa = PBXFileReference; fileEncoding = 4; lastKnownFileType = sourcecode.cpp.h; name = tm.hpp; path = src/tm.hpp; sourceTree = "<group>"; };
		09824A002488945700951FC0 /* td.cpp */ = {isa = PBXFileReference; fileEncoding = 4; lastKnownFileType = sourcecode.cpp.cpp; name = td.cpp; path = src/td.cpp; sourceTree = "<group>"; };
		09A2C0332478E38A00CFB287 /* xcode */ = {isa = PBXFileReference; explicitFileType = "compiled.mach-o.executable"; includeInIndex = 0; path = xcode; sourceTree = BUILT_PRODUCTS_DIR; };
		09A2C0362478E38A00CFB287 /* main.c */ = {isa = PBXFileReference; lastKnownFileType = sourcecode.c.c; path = main.c; sourceTree = "<group>"; };
		09A2C03D2478F37900CFB287 /* inver */ = {isa = PBXFileReference; lastKnownFileType = folder; path = inver; sourceTree = "<group>"; };
		09E3BF862478F60B00496742 /* libgflags.2.2.2.dylib */ = {isa = PBXFileReference; lastKnownFileType = "compiled.mach-o.dylib"; name = libgflags.2.2.2.dylib; path = ../../../../usr/local/Cellar/gflags/2.2.2/lib/libgflags.2.2.2.dylib; sourceTree = "<group>"; };
		09E3BF882478F61400496742 /* sdl2 */ = {isa = PBXFileReference; lastKnownFileType = folder; name = sdl2; path = ../../../../usr/local/Cellar/sdl2; sourceTree = "<group>"; };
		09E3BF8A2478F62200496742 /* libSDL2-2.0.0.dylib */ = {isa = PBXFileReference; lastKnownFileType = "compiled.mach-o.dylib"; name = "libSDL2-2.0.0.dylib"; path = "../../../../usr/local/Cellar/sdl2/2.0.12/lib/libSDL2-2.0.0.dylib"; sourceTree = "<group>"; };
		09FADC7324847CB30020B5D4 /* screen.hpp */ = {isa = PBXFileReference; fileEncoding = 4; lastKnownFileType = sourcecode.cpp.h; name = screen.hpp; path = src/screen.hpp; sourceTree = "<group>"; };
		09FADC7424847CB30020B5D4 /* mapper.hpp */ = {isa = PBXFileReference; fileEncoding = 4; lastKnownFileType = sourcecode.cpp.h; name = mapper.hpp; path = src/mapper.hpp; sourceTree = "<group>"; };
		09FADC7524847CB30020B5D4 /* main.cpp */ = {isa = PBXFileReference; fileEncoding = 4; lastKnownFileType = sourcecode.cpp.cpp; name = main.cpp; path = src/main.cpp; sourceTree = "<group>"; };
		09FADC7624847CB30020B5D4 /* Simple_Apu.h */ = {isa = PBXFileReference; fileEncoding = 4; lastKnownFileType = sourcecode.c.h; name = Simple_Apu.h; path = src/Simple_Apu.h; sourceTree = "<group>"; };
		09FADC7724847CB30020B5D4 /* tm.cpp */ = {isa = PBXFileReference; fileEncoding = 4; lastKnownFileType = sourcecode.cpp.cpp; name = tm.cpp; path = src/tm.cpp; sourceTree = "<group>"; };
		09FADC7824847CB30020B5D4 /* ops.cpp */ = {isa = PBXFileReference; fileEncoding = 4; lastKnownFileType = sourcecode.cpp.cpp; name = ops.cpp; path = src/ops.cpp; sourceTree = "<group>"; };
		09FADC7924847CB30020B5D4 /* ppu.hpp */ = {isa = PBXFileReference; fileEncoding = 4; lastKnownFileType = sourcecode.cpp.h; name = ppu.hpp; path = src/ppu.hpp; sourceTree = "<group>"; };
		09FADC7A24847CB30020B5D4 /* Simple_Apu.cpp */ = {isa = PBXFileReference; fileEncoding = 4; lastKnownFileType = sourcecode.cpp.cpp; name = Simple_Apu.cpp; path = src/Simple_Apu.cpp; sourceTree = "<group>"; };
		09FADC7B24847CB30020B5D4 /* utils.hpp */ = {isa = PBXFileReference; fileEncoding = 4; lastKnownFileType = sourcecode.cpp.h; name = utils.hpp; path = src/utils.hpp; sourceTree = "<group>"; };
		09FADC7C24847CB30020B5D4 /* cpu6502.hpp */ = {isa = PBXFileReference; fileEncoding = 4; lastKnownFileType = sourcecode.cpp.h; name = cpu6502.hpp; path = src/cpu6502.hpp; sourceTree = "<group>"; };
		09FADC7D24847CB30020B5D4 /* tm.hpp */ = {isa = PBXFileReference; fileEncoding = 4; lastKnownFileType = sourcecode.cpp.h; name = tm.hpp; path = src/tm.hpp; sourceTree = "<group>"; };
		09FADC7E24847CB30020B5D4 /* op_names.cpp */ = {isa = PBXFileReference; fileEncoding = 4; lastKnownFileType = sourcecode.cpp.cpp; name = op_names.cpp; path = src/op_names.cpp; sourceTree = "<group>"; };
		09FADC7F24847CB40020B5D4 /* audio.hpp */ = {isa = PBXFileReference; fileEncoding = 4; lastKnownFileType = sourcecode.cpp.h; name = audio.hpp; path = src/audio.hpp; sourceTree = "<group>"; };
		09FADC8024847CB40020B5D4 /* Sound_Queue.cpp */ = {isa = PBXFileReference; fileEncoding = 4; lastKnownFileType = sourcecode.cpp.cpp; name = Sound_Queue.cpp; path = src/Sound_Queue.cpp; sourceTree = "<group>"; };
		09FADC8124847CB40020B5D4 /* header.cpp */ = {isa = PBXFileReference; fileEncoding = 4; lastKnownFileType = sourcecode.cpp.cpp; name = header.cpp; path = src/header.cpp; sourceTree = "<group>"; };
		09FADC8224847CB40020B5D4 /* ops.hpp */ = {isa = PBXFileReference; fileEncoding = 4; lastKnownFileType = sourcecode.cpp.h; name = ops.hpp; path = src/ops.hpp; sourceTree = "<group>"; };
		09FADC8324847CB40020B5D4 /* Sound_Queue.h */ = {isa = PBXFileReference; fileEncoding = 4; lastKnownFileType = sourcecode.c.h; name = Sound_Queue.h; path = src/Sound_Queue.h; sourceTree = "<group>"; };
		09FADC8424847CB40020B5D4 /* screen.cpp */ = {isa = PBXFileReference; fileEncoding = 4; lastKnownFileType = sourcecode.cpp.cpp; name = screen.cpp; path = src/screen.cpp; sourceTree = "<group>"; };
		09FADC8524847CB40020B5D4 /* op_names.hpp */ = {isa = PBXFileReference; fileEncoding = 4; lastKnownFileType = sourcecode.cpp.h; name = op_names.hpp; path = src/op_names.hpp; sourceTree = "<group>"; };
		09FADC8624847CB40020B5D4 /* nestest.nes */ = {isa = PBXFileReference; lastKnownFileType = file; name = nestest.nes; path = src/nestest.nes; sourceTree = "<group>"; };
		09FADC8724847CB40020B5D4 /* bus.hpp */ = {isa = PBXFileReference; fileEncoding = 4; lastKnownFileType = sourcecode.cpp.h; name = bus.hpp; path = src/bus.hpp; sourceTree = "<group>"; };
		09FADC8924847CB40020B5D4 /* utils.cpp */ = {isa = PBXFileReference; fileEncoding = 4; lastKnownFileType = sourcecode.cpp.cpp; name = utils.cpp; path = src/utils.cpp; sourceTree = "<group>"; };
		09FADC8A24847CB40020B5D4 /* cpu6502.cpp */ = {isa = PBXFileReference; fileEncoding = 4; lastKnownFileType = sourcecode.cpp.cpp; name = cpu6502.cpp; path = src/cpu6502.cpp; sourceTree = "<group>"; };
		09FADC8B24847CB40020B5D4 /* sdl_input.hpp */ = {isa = PBXFileReference; fileEncoding = 4; lastKnownFileType = sourcecode.cpp.h; name = sdl_input.hpp; path = src/sdl_input.hpp; sourceTree = "<group>"; };
		09FADC8C24847CB40020B5D4 /* header.hpp */ = {isa = PBXFileReference; fileEncoding = 4; lastKnownFileType = sourcecode.cpp.h; name = header.hpp; path = src/header.hpp; sourceTree = "<group>"; };
		09FADC8D24847CB40020B5D4 /* ppu.cpp */ = {isa = PBXFileReference; fileEncoding = 4; lastKnownFileType = sourcecode.cpp.cpp; name = ppu.cpp; path = src/ppu.cpp; sourceTree = "<group>"; };
		09FADC8E24847CB40020B5D4 /* op_macros.hpp */ = {isa = PBXFileReference; fileEncoding = 4; lastKnownFileType = sourcecode.cpp.h; name = op_macros.hpp; path = src/op_macros.hpp; sourceTree = "<group>"; };
		09FADC8F24847CB40020B5D4 /* bus.cpp */ = {isa = PBXFileReference; fileEncoding = 4; lastKnownFileType = sourcecode.cpp.cpp; name = bus.cpp; path = src/bus.cpp; sourceTree = "<group>"; };
		09FADC9024847CB40020B5D4 /* audio.cpp */ = {isa = PBXFileReference; fileEncoding = 4; lastKnownFileType = sourcecode.cpp.cpp; name = audio.cpp; path = src/audio.cpp; sourceTree = "<group>"; };
		09FADCA024847CBA0020B5D4 /* nes000.hpp */ = {isa = PBXFileReference; fileEncoding = 4; lastKnownFileType = sourcecode.cpp.h; name = nes000.hpp; path = src/mapper/nes000.hpp; sourceTree = "<group>"; };
		09FADCA124847CBA0020B5D4 /* nes001.cpp */ = {isa = PBXFileReference; fileEncoding = 4; lastKnownFileType = sourcecode.cpp.cpp; name = nes001.cpp; path = src/mapper/nes001.cpp; sourceTree = "<group>"; };
		09FADCA224847CBA0020B5D4 /* nes001.hpp */ = {isa = PBXFileReference; fileEncoding = 4; lastKnownFileType = sourcecode.cpp.h; name = nes001.hpp; path = src/mapper/nes001.hpp; sourceTree = "<group>"; };
		09FADCA324847CBA0020B5D4 /* nes004.hpp */ = {isa = PBXFileReference; fileEncoding = 4; lastKnownFileType = sourcecode.cpp.h; name = nes004.hpp; path = src/mapper/nes004.hpp; sourceTree = "<group>"; };
		09FADCA424847CBA0020B5D4 /* nes004.cpp */ = {isa = PBXFileReference; fileEncoding = 4; lastKnownFileType = sourcecode.cpp.cpp; name = nes004.cpp; path = src/mapper/nes004.cpp; sourceTree = "<group>"; };
		09FADCA824847CC50020B5D4 /* Blip_Synth.h */ = {isa = PBXFileReference; fileEncoding = 4; lastKnownFileType = sourcecode.c.h; path = Blip_Synth.h; sourceTree = "<group>"; };
		09FADCA924847CC50020B5D4 /* Nonlinear_Buffer.h */ = {isa = PBXFileReference; fileEncoding = 4; lastKnownFileType = sourcecode.c.h; name = Nonlinear_Buffer.h; path = src/nes_apu/Nonlinear_Buffer.h; sourceTree = "<group>"; };
		09FADCAA24847CC60020B5D4 /* Multi_Buffer.h */ = {isa = PBXFileReference; fileEncoding = 4; lastKnownFileType = sourcecode.c.h; path = Multi_Buffer.h; sourceTree = "<group>"; };
		09FADCAB24847CC60020B5D4 /* Nes_Vrc6.cpp */ = {isa = PBXFileReference; fileEncoding = 4; lastKnownFileType = sourcecode.cpp.cpp; path = Nes_Vrc6.cpp; sourceTree = "<group>"; };
		09FADCAC24847CC60020B5D4 /* blargg_common.h */ = {isa = PBXFileReference; fileEncoding = 4; lastKnownFileType = sourcecode.c.h; path = blargg_common.h; sourceTree = "<group>"; };
		09FADCAD24847CC60020B5D4 /* Nes_Oscs.cpp */ = {isa = PBXFileReference; fileEncoding = 4; lastKnownFileType = sourcecode.cpp.cpp; path = Nes_Oscs.cpp; sourceTree = "<group>"; };
		09FADCAE24847CC60020B5D4 /* boost */ = {isa = PBXFileReference; lastKnownFileType = folder; path = boost; sourceTree = "<group>"; };
		09FADCAF24847CC60020B5D4 /* nes_apu.cbp */ = {isa = PBXFileReference; fileEncoding = 4; lastKnownFileType = text.xml; name = nes_apu.cbp; path = src/nes_apu/nes_apu.cbp; sourceTree = "<group>"; };
		09FADCB024847CC60020B5D4 /* apu_snapshot.cpp */ = {isa = PBXFileReference; fileEncoding = 4; lastKnownFileType = sourcecode.cpp.cpp; path = apu_snapshot.cpp; sourceTree = "<group>"; };
		09FADCB124847CC60020B5D4 /* Multi_Buffer.cpp */ = {isa = PBXFileReference; fileEncoding = 4; lastKnownFileType = sourcecode.cpp.cpp; path = Multi_Buffer.cpp; sourceTree = "<group>"; };
		09FADCB224847CC60020B5D4 /* Blip_Buffer.cpp */ = {isa = PBXFileReference; fileEncoding = 4; lastKnownFileType = sourcecode.cpp.cpp; path = Blip_Buffer.cpp; sourceTree = "<group>"; };
		09FADCB324847CC60020B5D4 /* blargg_source.h */ = {isa = PBXFileReference; fileEncoding = 4; lastKnownFileType = sourcecode.c.h; path = blargg_source.h; sourceTree = "<group>"; };
		09FADCB424847CC60020B5D4 /* Nes_Apu.cpp */ = {isa = PBXFileReference; fileEncoding = 4; lastKnownFileType = sourcecode.cpp.cpp; path = Nes_Apu.cpp; sourceTree = "<group>"; };
		09FADCB524847CC60020B5D4 /* Blip_Buffer.h */ = {isa = PBXFileReference; fileEncoding = 4; lastKnownFileType = sourcecode.c.h; path = Blip_Buffer.h; sourceTree = "<group>"; };
		09FADCB624847CC60020B5D4 /* Nes_Apu.h */ = {isa = PBXFileReference; fileEncoding = 4; lastKnownFileType = sourcecode.c.h; path = Nes_Apu.h; sourceTree = "<group>"; };
		09FADCB724847CC60020B5D4 /* Nes_Namco.cpp */ = {isa = PBXFileReference; fileEncoding = 4; lastKnownFileType = sourcecode.cpp.cpp; path = Nes_Namco.cpp; sourceTree = "<group>"; };
		09FADCB824847CC70020B5D4 /* Nes_Oscs.h */ = {isa = PBXFileReference; fileEncoding = 4; lastKnownFileType = sourcecode.c.h; path = Nes_Oscs.h; sourceTree = "<group>"; };
		09FADCB924847CC70020B5D4 /* Nes_Vrc6.h */ = {isa = PBXFileReference; fileEncoding = 4; lastKnownFileType = sourcecode.c.h; path = Nes_Vrc6.h; sourceTree = "<group>"; };
		09FADCBA24847CC70020B5D4 /* apu_snapshot.h */ = {isa = PBXFileReference; fileEncoding = 4; lastKnownFileType = sourcecode.c.h; path = apu_snapshot.h; sourceTree = "<group>"; };
		09FADCBB24847CC70020B5D4 /* Nes_Namco.h */ = {isa = PBXFileReference; fileEncoding = 4; lastKnownFileType = sourcecode.c.h; path = Nes_Namco.h; sourceTree = "<group>"; };
		09FADCBC24847CC70020B5D4 /* Nonlinear_Buffer.cpp */ = {isa = PBXFileReference; fileEncoding = 4; lastKnownFileType = sourcecode.cpp.cpp; name = Nonlinear_Buffer.cpp; path = src/nes_apu/Nonlinear_Buffer.cpp; sourceTree = "<group>"; };
		09FADCC524847CD30020B5D4 /* types.h */ = {isa = PBXFileReference; explicitFileType = sourcecode.c.h; name = types.h; path = asobitomo/types.h; sourceTree = "<group>"; };
		09FADCCA24847E430020B5D4 /* libnes_apu.dylib */ = {isa = PBXFileReference; explicitFileType = "compiled.mach-o.dylib"; includeInIndex = 0; path = libnes_apu.dylib; sourceTree = BUILT_PRODUCTS_DIR; };
		09FADCCC24847E430020B5D4 /* nes_apu.h */ = {isa = PBXFileReference; lastKnownFileType = sourcecode.c.h; path = nes_apu.h; sourceTree = "<group>"; };
		09FADCCE24847E430020B5D4 /* nes_apu.m */ = {isa = PBXFileReference; lastKnownFileType = sourcecode.c.objc; path = nes_apu.m; sourceTree = "<group>"; };
		09FADCEB24847F530020B5D4 /* util.h */ = {isa = PBXFileReference; fileEncoding = 4; lastKnownFileType = sourcecode.c.h; name = util.h; path = asobitomo/util.h; sourceTree = "<group>"; };
		09FADCEC24847F530020B5D4 /* util.cc */ = {isa = PBXFileReference; fileEncoding = 4; lastKnownFileType = sourcecode.cpp.cpp; name = util.cc; path = asobitomo/util.cc; sourceTree = "<group>"; };
		09FC20462484CC6F0077BF6B /* nes003.cpp */ = {isa = PBXFileReference; fileEncoding = 4; lastKnownFileType = sourcecode.cpp.cpp; name = nes003.cpp; path = src/mapper/nes003.cpp; sourceTree = "<group>"; };
		09FC20472484CC6F0077BF6B /* nes003.hpp */ = {isa = PBXFileReference; fileEncoding = 4; lastKnownFileType = sourcecode.cpp.h; name = nes003.hpp; path = src/mapper/nes003.hpp; sourceTree = "<group>"; };
/* End PBXFileReference section */

/* Begin PBXFrameworksBuildPhase section */
		092ED1DF248C63FB00869007 /* Frameworks */ = {
			isa = PBXFrameworksBuildPhase;
			buildActionMask = 2147483647;
			files = (
			);
			runOnlyForDeploymentPostprocessing = 0;
		};
		09A2C0302478E38A00CFB287 /* Frameworks */ = {
			isa = PBXFrameworksBuildPhase;
			buildActionMask = 2147483647;
			files = (
				09E3BF8B2478F62200496742 /* libSDL2-2.0.0.dylib in Frameworks */,
				09FADCEE24847F7B0020B5D4 /* libnes_apu.dylib in Frameworks */,
				09E3BF872478F60B00496742 /* libgflags.2.2.2.dylib in Frameworks */,
			);
			runOnlyForDeploymentPostprocessing = 0;
		};
		09FADCC824847E430020B5D4 /* Frameworks */ = {
			isa = PBXFrameworksBuildPhase;
			buildActionMask = 2147483647;
			files = (
			);
			runOnlyForDeploymentPostprocessing = 0;
		};
/* End PBXFrameworksBuildPhase section */

/* Begin PBXGroup section */
		092ED1E3248C63FB00869007 /* CHRLoupe */ = {
			isa = PBXGroup;
			children = (
				092ED213248CAB7300869007 /* crystalis.nes */,
				092ED211248CA9CF00869007 /* smb2.nes */,
				092ED205248C7B7F00869007 /* smb3.nes */,
				092ED1E4248C63FB00869007 /* AppDelegate.h */,
				092ED1E5248C63FB00869007 /* AppDelegate.m */,
				092ED1E7248C63FB00869007 /* ViewController.h */,
				092ED1E8248C63FB00869007 /* ViewController.m */,
				092ED1EA248C63FB00869007 /* Assets.xcassets */,
				092ED1EC248C63FB00869007 /* Main.storyboard */,
				092ED1EF248C63FB00869007 /* Info.plist */,
				092ED1F0248C63FB00869007 /* main.m */,
				092ED1F2248C63FB00869007 /* CHRLoupe.entitlements */,
				092ED1F6248C668100869007 /* NESCHRTileItem.h */,
				092ED1F7248C668100869007 /* NESCHRTileItem.m */,
				092ED1F8248C668100869007 /* NESCHRTileItem.xib */,
				092ED1FD248C6E3E00869007 /* HeaderView.xib */,
				092ED1FF248C6EC800869007 /* HeaderView.h */,
				092ED200248C6EC800869007 /* HeaderView.m */,
				092ED202248C78C800869007 /* CHRDataSource.h */,
				092ED203248C78C800869007 /* CHRDataSource.mm */,
				092ED20B248C95AB00869007 /* NoInterpolationImageView.h */,
				092ED20C248C95AB00869007 /* NoInterpolationImageView.m */,
			);
			path = CHRLoupe;
			sourceTree = "<group>";
		};
		09A2C02A2478E38A00CFB287 = {
			isa = PBXGroup;
			children = (
				0972D495249AEE8B00B771EC /* mplus-2c-medium.ttf */,
				09824A002488945700951FC0 /* td.cpp */,
				098249FD2488945700951FC0 /* td.hpp */,
				098249FE2488945700951FC0 /* tm.cpp */,
				098249FF2488945700951FC0 /* tm.hpp */,
				09FC20462484CC6F0077BF6B /* nes003.cpp */,
				09FC20472484CC6F0077BF6B /* nes003.hpp */,
				09FADCC524847CD30020B5D4 /* types.h */,
				09FADCEC24847F530020B5D4 /* util.cc */,
				09FADCEB24847F530020B5D4 /* util.h */,
				09FADCE624847E680020B5D4 /* New Group */,
				09FADCAF24847CC60020B5D4 /* nes_apu.cbp */,
				09FADCBC24847CC70020B5D4 /* Nonlinear_Buffer.cpp */,
				09FADCA924847CC50020B5D4 /* Nonlinear_Buffer.h */,
				09FADCA024847CBA0020B5D4 /* nes000.hpp */,
				09FADCA124847CBA0020B5D4 /* nes001.cpp */,
				09FADCA224847CBA0020B5D4 /* nes001.hpp */,
				0972D491249AED4C00B771EC /* nes002.cpp */,
				0972D48E249AED4B00B771EC /* nes002.hpp */,
				0972D48F249AED4B00B771EC /* nes003.cpp */,
				0972D490249AED4C00B771EC /* nes003.hpp */,
				09FADCA424847CBA0020B5D4 /* nes004.cpp */,
				09FADCA324847CBA0020B5D4 /* nes004.hpp */,
				09FADC9024847CB40020B5D4 /* audio.cpp */,
				09FADC7F24847CB40020B5D4 /* audio.hpp */,
				09FADC8F24847CB40020B5D4 /* bus.cpp */,
				09FADC8724847CB40020B5D4 /* bus.hpp */,
				09FADC8A24847CB40020B5D4 /* cpu6502.cpp */,
				09FADC7C24847CB30020B5D4 /* cpu6502.hpp */,
				09FADC8124847CB40020B5D4 /* header.cpp */,
				09FADC8C24847CB40020B5D4 /* header.hpp */,
				09FADC7524847CB30020B5D4 /* main.cpp */,
				09FADC7424847CB30020B5D4 /* mapper.hpp */,
				09FADC8624847CB40020B5D4 /* nestest.nes */,
				09FADC8E24847CB40020B5D4 /* op_macros.hpp */,
				09FADC7E24847CB30020B5D4 /* op_names.cpp */,
				09FADC8524847CB40020B5D4 /* op_names.hpp */,
				09FADC7824847CB30020B5D4 /* ops.cpp */,
				09FADC8224847CB40020B5D4 /* ops.hpp */,
				09FADC8D24847CB40020B5D4 /* ppu.cpp */,
				09FADC7924847CB30020B5D4 /* ppu.hpp */,
				09FADC8424847CB40020B5D4 /* screen.cpp */,
				09FADC7324847CB30020B5D4 /* screen.hpp */,
				09FADC8B24847CB40020B5D4 /* sdl_input.hpp */,
				09FADC7A24847CB30020B5D4 /* Simple_Apu.cpp */,
				09FADC7624847CB30020B5D4 /* Simple_Apu.h */,
				09FADC8024847CB40020B5D4 /* Sound_Queue.cpp */,
				09FADC8324847CB40020B5D4 /* Sound_Queue.h */,
				09FADC7724847CB30020B5D4 /* tm.cpp */,
				09FADC7D24847CB30020B5D4 /* tm.hpp */,
				09FADC8924847CB40020B5D4 /* utils.cpp */,
				09FADC7B24847CB30020B5D4 /* utils.hpp */,
				09A2C03D2478F37900CFB287 /* inver */,
				09A2C0352478E38A00CFB287 /* xcode */,
				09FADCCB24847E430020B5D4 /* nes_apu */,
				092ED1E3248C63FB00869007 /* CHRLoupe */,
				09A2C0342478E38A00CFB287 /* Products */,
				09E3BF852478F60B00496742 /* Frameworks */,
			);
			sourceTree = "<group>";
		};
		09A2C0342478E38A00CFB287 /* Products */ = {
			isa = PBXGroup;
			children = (
				09A2C0332478E38A00CFB287 /* xcode */,
				09FADCCA24847E430020B5D4 /* libnes_apu.dylib */,
				092ED1E2248C63FB00869007 /* CHRLoupe.app */,
			);
			name = Products;
			sourceTree = "<group>";
		};
		09A2C0352478E38A00CFB287 /* xcode */ = {
			isa = PBXGroup;
			children = (
				09A2C0362478E38A00CFB287 /* main.c */,
			);
			path = xcode;
			sourceTree = "<group>";
		};
		09E3BF852478F60B00496742 /* Frameworks */ = {
			isa = PBXGroup;
			children = (
				09E3BF8A2478F62200496742 /* libSDL2-2.0.0.dylib */,
				09E3BF882478F61400496742 /* sdl2 */,
				09E3BF862478F60B00496742 /* libgflags.2.2.2.dylib */,
			);
			name = Frameworks;
			sourceTree = "<group>";
		};
		09FADCCB24847E430020B5D4 /* nes_apu */ = {
			isa = PBXGroup;
			children = (
				09FADCCC24847E430020B5D4 /* nes_apu.h */,
				09FADCCE24847E430020B5D4 /* nes_apu.m */,
			);
			path = nes_apu;
			sourceTree = "<group>";
		};
		09FADCE624847E680020B5D4 /* New Group */ = {
			isa = PBXGroup;
			children = (
				09FADCAE24847CC60020B5D4 /* boost */,
				09FADCB024847CC60020B5D4 /* apu_snapshot.cpp */,
				09FADCBA24847CC70020B5D4 /* apu_snapshot.h */,
				09FADCAC24847CC60020B5D4 /* blargg_common.h */,
				09FADCB324847CC60020B5D4 /* blargg_source.h */,
				09FADCB224847CC60020B5D4 /* Blip_Buffer.cpp */,
				09FADCB524847CC60020B5D4 /* Blip_Buffer.h */,
				09FADCA824847CC50020B5D4 /* Blip_Synth.h */,
				09FADCB124847CC60020B5D4 /* Multi_Buffer.cpp */,
				09FADCAA24847CC60020B5D4 /* Multi_Buffer.h */,
				09FADCB424847CC60020B5D4 /* Nes_Apu.cpp */,
				09FADCB624847CC60020B5D4 /* Nes_Apu.h */,
				09FADCB724847CC60020B5D4 /* Nes_Namco.cpp */,
				09FADCBB24847CC70020B5D4 /* Nes_Namco.h */,
				09FADCAD24847CC60020B5D4 /* Nes_Oscs.cpp */,
				09FADCB824847CC70020B5D4 /* Nes_Oscs.h */,
				09FADCAB24847CC60020B5D4 /* Nes_Vrc6.cpp */,
				09FADCB924847CC70020B5D4 /* Nes_Vrc6.h */,
			);
			name = "New Group";
			path = src/nes_apu;
			sourceTree = "<group>";
		};
/* End PBXGroup section */

/* Begin PBXHeadersBuildPhase section */
		09FADCC624847E430020B5D4 /* Headers */ = {
			isa = PBXHeadersBuildPhase;
			buildActionMask = 2147483647;
			files = (
				09FADCF9248481450020B5D4 /* Multi_Buffer.h in Headers */,
				09FADCF5248481450020B5D4 /* blargg_common.h in Headers */,
				09FADCF4248481450020B5D4 /* apu_snapshot.h in Headers */,
				09FADCF6248481450020B5D4 /* blargg_source.h in Headers */,
				09FADCFC248481450020B5D4 /* Nes_Oscs.h in Headers */,
				09FADCFB248481450020B5D4 /* Nes_Namco.h in Headers */,
				09FADCF8248481450020B5D4 /* Blip_Synth.h in Headers */,
				09FADCF7248481450020B5D4 /* Blip_Buffer.h in Headers */,
				09FADCFD248481450020B5D4 /* Nes_Vrc6.h in Headers */,
				09FADCFA248481450020B5D4 /* Nes_Apu.h in Headers */,
			);
			runOnlyForDeploymentPostprocessing = 0;
		};
/* End PBXHeadersBuildPhase section */

/* Begin PBXNativeTarget section */
		092ED1E1248C63FB00869007 /* CHRLoupe */ = {
			isa = PBXNativeTarget;
			buildConfigurationList = 092ED1F3248C63FB00869007 /* Build configuration list for PBXNativeTarget "CHRLoupe" */;
			buildPhases = (
				092ED1DE248C63FB00869007 /* Sources */,
				092ED1DF248C63FB00869007 /* Frameworks */,
				092ED1E0248C63FB00869007 /* Resources */,
			);
			buildRules = (
			);
			dependencies = (
			);
			name = CHRLoupe;
			productName = CHRLoupe;
			productReference = 092ED1E2248C63FB00869007 /* CHRLoupe.app */;
			productType = "com.apple.product-type.application";
		};
		09A2C0322478E38A00CFB287 /* xcode */ = {
			isa = PBXNativeTarget;
			buildConfigurationList = 09A2C03A2478E38A00CFB287 /* Build configuration list for PBXNativeTarget "xcode" */;
			buildPhases = (
				09A2C02F2478E38A00CFB287 /* Sources */,
				09A2C0302478E38A00CFB287 /* Frameworks */,
				09A2C0312478E38A00CFB287 /* CopyFiles */,
				09FADCF224847F7B0020B5D4 /* Embed Libraries */,
			);
			buildRules = (
			);
			dependencies = (
				09FADCEA24847EA90020B5D4 /* PBXTargetDependency */,
				09FADCF124847F7B0020B5D4 /* PBXTargetDependency */,
			);
			name = xcode;
			productName = xcode;
			productReference = 09A2C0332478E38A00CFB287 /* xcode */;
			productType = "com.apple.product-type.tool";
		};
		09FADCC924847E430020B5D4 /* nes_apu */ = {
			isa = PBXNativeTarget;
			buildConfigurationList = 09FADCD024847E430020B5D4 /* Build configuration list for PBXNativeTarget "nes_apu" */;
			buildPhases = (
				09FADCC624847E430020B5D4 /* Headers */,
				09FADCC724847E430020B5D4 /* Sources */,
				09FADCC824847E430020B5D4 /* Frameworks */,
			);
			buildRules = (
			);
			dependencies = (
			);
			name = nes_apu;
			productName = nes_apu;
			productReference = 09FADCCA24847E430020B5D4 /* libnes_apu.dylib */;
			productType = "com.apple.product-type.library.dynamic";
		};
/* End PBXNativeTarget section */

/* Begin PBXProject section */
		09A2C02B2478E38A00CFB287 /* Project object */ = {
			isa = PBXProject;
			attributes = {
				LastUpgradeCheck = 1130;
				ORGANIZATIONNAME = "Daniel Tse";
				TargetAttributes = {
					092ED1E1248C63FB00869007 = {
						CreatedOnToolsVersion = 11.3.1;
					};
					09A2C0322478E38A00CFB287 = {
						CreatedOnToolsVersion = 11.3.1;
					};
					09FADCC924847E430020B5D4 = {
						CreatedOnToolsVersion = 11.3.1;
					};
				};
			};
			buildConfigurationList = 09A2C02E2478E38A00CFB287 /* Build configuration list for PBXProject "xcode" */;
			compatibilityVersion = "Xcode 9.3";
			developmentRegion = en;
			hasScannedForEncodings = 0;
			knownRegions = (
				en,
				Base,
			);
			mainGroup = 09A2C02A2478E38A00CFB287;
			productRefGroup = 09A2C0342478E38A00CFB287 /* Products */;
			projectDirPath = "";
			projectRoot = "";
			targets = (
				09A2C0322478E38A00CFB287 /* xcode */,
				09FADCC924847E430020B5D4 /* nes_apu */,
				092ED1E1248C63FB00869007 /* CHRLoupe */,
			);
		};
/* End PBXProject section */

/* Begin PBXResourcesBuildPhase section */
		092ED1E0248C63FB00869007 /* Resources */ = {
			isa = PBXResourcesBuildPhase;
			buildActionMask = 2147483647;
			files = (
				092ED206248C7B8000869007 /* smb3.nes in Resources */,
				092ED1FE248C6E3E00869007 /* HeaderView.xib in Resources */,
				092ED1EB248C63FB00869007 /* Assets.xcassets in Resources */,
				092ED214248CAB7F00869007 /* crystalis.nes in Resources */,
				092ED1EE248C63FB00869007 /* Main.storyboard in Resources */,
				092ED212248CA9EA00869007 /* smb2.nes in Resources */,
				092ED1FA248C668100869007 /* NESCHRTileItem.xib in Resources */,
			);
			runOnlyForDeploymentPostprocessing = 0;
		};
/* End PBXResourcesBuildPhase section */

/* Begin PBXSourcesBuildPhase section */
		092ED1DE248C63FB00869007 /* Sources */ = {
			isa = PBXSourcesBuildPhase;
			buildActionMask = 2147483647;
			files = (
				092ED215248CAC0500869007 /* types.h in Sources */,
				092ED20D248C95AB00869007 /* NoInterpolationImageView.m in Sources */,
				092ED204248C78C800869007 /* CHRDataSource.mm in Sources */,
				092ED1E9248C63FB00869007 /* ViewController.m in Sources */,
				092ED201248C6EC800869007 /* HeaderView.m in Sources */,
				092ED1F1248C63FB00869007 /* main.m in Sources */,
				092ED1E6248C63FB00869007 /* AppDelegate.m in Sources */,
				092ED210248CA72900869007 /* header.hpp in Sources */,
				092ED20E248CA6DE00869007 /* header.cpp in Sources */,
				092ED1F9248C668100869007 /* NESCHRTileItem.m in Sources */,
				092ED208248C8D2500869007 /* utils.cpp in Sources */,
			);
			runOnlyForDeploymentPostprocessing = 0;
		};
		09A2C02F2478E38A00CFB287 /* Sources */ = {
			isa = PBXSourcesBuildPhase;
			buildActionMask = 2147483647;
			files = (
				0972D492249AED4C00B771EC /* nes003.cpp in Sources */,
				09FADC9324847CB40020B5D4 /* ops.cpp in Sources */,
				09FADC9A24847CB40020B5D4 /* utils.cpp in Sources */,
				09FADCBF24847CC70020B5D4 /* apu_snapshot.cpp in Sources */,
				09FADCA624847CBA0020B5D4 /* nes001.cpp in Sources */,
				09FADC9224847CB40020B5D4 /* tm.cpp in Sources */,
				09FADC9B24847CB40020B5D4 /* cpu6502.cpp in Sources */,
				09FADC9724847CB40020B5D4 /* header.cpp in Sources */,
				0972D493249AED4C00B771EC /* nes002.cpp in Sources */,
				09FADCA724847CBA0020B5D4 /* nes004.cpp in Sources */,
				09FADC9824847CB40020B5D4 /* screen.cpp in Sources */,
				09FADC9124847CB40020B5D4 /* main.cpp in Sources */,
				0972D494249AED6900B771EC /* screen.hpp in Sources */,
				09FADC9C24847CB40020B5D4 /* ppu.cpp in Sources */,
				09FADC9524847CB40020B5D4 /* op_names.cpp in Sources */,
				09FADCED24847F530020B5D4 /* util.cc in Sources */,
				09824A022488945700951FC0 /* td.cpp in Sources */,
				09FADC9624847CB40020B5D4 /* Sound_Queue.cpp in Sources */,
				09FADC9D24847CB40020B5D4 /* bus.cpp in Sources */,
				09FADCF324847F920020B5D4 /* Simple_Apu.cpp in Sources */,
			);
			runOnlyForDeploymentPostprocessing = 0;
		};
		09FADCC724847E430020B5D4 /* Sources */ = {
			isa = PBXSourcesBuildPhase;
			buildActionMask = 2147483647;
			files = (
				09FADCD724847E550020B5D4 /* Blip_Buffer.cpp in Sources */,
				09FADCE024847E550020B5D4 /* Nes_Oscs.cpp in Sources */,
				09FADCDE24847E550020B5D4 /* Nes_Namco.cpp in Sources */,
				09FADCE424847E550020B5D4 /* Nonlinear_Buffer.cpp in Sources */,
				09FADCE224847E550020B5D4 /* Nes_Vrc6.cpp in Sources */,
				09FADCDA24847E550020B5D4 /* Multi_Buffer.cpp in Sources */,
				09FADCD324847E550020B5D4 /* apu_snapshot.cpp in Sources */,
				09FADCDC24847E550020B5D4 /* Nes_Apu.cpp in Sources */,
			);
			runOnlyForDeploymentPostprocessing = 0;
		};
/* End PBXSourcesBuildPhase section */

/* Begin PBXTargetDependency section */
		09FADCEA24847EA90020B5D4 /* PBXTargetDependency */ = {
			isa = PBXTargetDependency;
			target = 09FADCC924847E430020B5D4 /* nes_apu */;
			targetProxy = 09FADCE924847EA90020B5D4 /* PBXContainerItemProxy */;
		};
		09FADCF124847F7B0020B5D4 /* PBXTargetDependency */ = {
			isa = PBXTargetDependency;
			target = 09FADCC924847E430020B5D4 /* nes_apu */;
			targetProxy = 09FADCF024847F7B0020B5D4 /* PBXContainerItemProxy */;
		};
/* End PBXTargetDependency section */

/* Begin PBXVariantGroup section */
		092ED1EC248C63FB00869007 /* Main.storyboard */ = {
			isa = PBXVariantGroup;
			children = (
				092ED1ED248C63FB00869007 /* Base */,
			);
			name = Main.storyboard;
			sourceTree = "<group>";
		};
/* End PBXVariantGroup section */

/* Begin XCBuildConfiguration section */
		092ED1F4248C63FB00869007 /* Debug */ = {
			isa = XCBuildConfiguration;
			buildSettings = {
				ASSETCATALOG_COMPILER_APPICON_NAME = AppIcon;
				CODE_SIGN_ENTITLEMENTS = CHRLoupe/CHRLoupe.entitlements;
				CODE_SIGN_STYLE = Automatic;
				COMBINE_HIDPI_IMAGES = YES;
				INFOPLIST_FILE = CHRLoupe/Info.plist;
				LD_RUNPATH_SEARCH_PATHS = (
					"$(inherited)",
					"@executable_path/../Frameworks",
				);
				PRODUCT_BUNDLE_IDENTIFIER = com.overpunch.CHRLoupe;
				PRODUCT_NAME = "$(TARGET_NAME)";
			};
			name = Debug;
		};
		092ED1F5248C63FB00869007 /* Release */ = {
			isa = XCBuildConfiguration;
			buildSettings = {
				ASSETCATALOG_COMPILER_APPICON_NAME = AppIcon;
				CODE_SIGN_ENTITLEMENTS = CHRLoupe/CHRLoupe.entitlements;
				CODE_SIGN_STYLE = Automatic;
				COMBINE_HIDPI_IMAGES = YES;
				INFOPLIST_FILE = CHRLoupe/Info.plist;
				LD_RUNPATH_SEARCH_PATHS = (
					"$(inherited)",
					"@executable_path/../Frameworks",
				);
				PRODUCT_BUNDLE_IDENTIFIER = com.overpunch.CHRLoupe;
				PRODUCT_NAME = "$(TARGET_NAME)";
			};
			name = Release;
		};
		09A2C0382478E38A00CFB287 /* Debug */ = {
			isa = XCBuildConfiguration;
			buildSettings = {
				ALWAYS_SEARCH_USER_PATHS = NO;
				CLANG_ANALYZER_NONNULL = YES;
				CLANG_ANALYZER_NUMBER_OBJECT_CONVERSION = YES_AGGRESSIVE;
				CLANG_CXX_LANGUAGE_STANDARD = "gnu++14";
				CLANG_CXX_LIBRARY = "libc++";
				CLANG_ENABLE_MODULES = YES;
				CLANG_ENABLE_OBJC_ARC = YES;
				CLANG_ENABLE_OBJC_WEAK = YES;
				CLANG_WARN_BLOCK_CAPTURE_AUTORELEASING = YES;
				CLANG_WARN_BOOL_CONVERSION = YES;
				CLANG_WARN_COMMA = YES;
				CLANG_WARN_CONSTANT_CONVERSION = YES;
				CLANG_WARN_DEPRECATED_OBJC_IMPLEMENTATIONS = YES;
				CLANG_WARN_DIRECT_OBJC_ISA_USAGE = YES_ERROR;
				CLANG_WARN_DOCUMENTATION_COMMENTS = YES;
				CLANG_WARN_EMPTY_BODY = YES;
				CLANG_WARN_ENUM_CONVERSION = YES;
				CLANG_WARN_INFINITE_RECURSION = YES;
				CLANG_WARN_INT_CONVERSION = YES;
				CLANG_WARN_NON_LITERAL_NULL_CONVERSION = YES;
				CLANG_WARN_OBJC_IMPLICIT_RETAIN_SELF = YES;
				CLANG_WARN_OBJC_LITERAL_CONVERSION = YES;
				CLANG_WARN_OBJC_ROOT_CLASS = YES_ERROR;
				CLANG_WARN_RANGE_LOOP_ANALYSIS = YES;
				CLANG_WARN_STRICT_PROTOTYPES = YES;
				CLANG_WARN_SUSPICIOUS_MOVE = YES;
				CLANG_WARN_UNGUARDED_AVAILABILITY = YES_AGGRESSIVE;
				CLANG_WARN_UNREACHABLE_CODE = YES;
				CLANG_WARN__DUPLICATE_METHOD_MATCH = YES;
				COPY_PHASE_STRIP = NO;
				DEBUG_INFORMATION_FORMAT = dwarf;
				ENABLE_STRICT_OBJC_MSGSEND = YES;
				ENABLE_TESTABILITY = YES;
				GCC_C_LANGUAGE_STANDARD = gnu11;
				GCC_DYNAMIC_NO_PIC = NO;
				GCC_NO_COMMON_BLOCKS = YES;
				GCC_OPTIMIZATION_LEVEL = 0;
				GCC_PREPROCESSOR_DEFINITIONS = (
					"DEBUG=1",
					"$(inherited)",
				);
				GCC_WARN_64_TO_32_BIT_CONVERSION = YES;
				GCC_WARN_ABOUT_RETURN_TYPE = YES_ERROR;
				GCC_WARN_UNDECLARED_SELECTOR = YES;
				GCC_WARN_UNINITIALIZED_AUTOS = YES_AGGRESSIVE;
				GCC_WARN_UNUSED_FUNCTION = YES;
				GCC_WARN_UNUSED_VARIABLE = YES;
				MACOSX_DEPLOYMENT_TARGET = 10.14;
				MTL_ENABLE_DEBUG_INFO = INCLUDE_SOURCE;
				MTL_FAST_MATH = YES;
				ONLY_ACTIVE_ARCH = YES;
				SDKROOT = macosx;
			};
			name = Debug;
		};
		09A2C0392478E38A00CFB287 /* Release */ = {
			isa = XCBuildConfiguration;
			buildSettings = {
				ALWAYS_SEARCH_USER_PATHS = NO;
				CLANG_ANALYZER_NONNULL = YES;
				CLANG_ANALYZER_NUMBER_OBJECT_CONVERSION = YES_AGGRESSIVE;
				CLANG_CXX_LANGUAGE_STANDARD = "gnu++14";
				CLANG_CXX_LIBRARY = "libc++";
				CLANG_ENABLE_MODULES = YES;
				CLANG_ENABLE_OBJC_ARC = YES;
				CLANG_ENABLE_OBJC_WEAK = YES;
				CLANG_WARN_BLOCK_CAPTURE_AUTORELEASING = YES;
				CLANG_WARN_BOOL_CONVERSION = YES;
				CLANG_WARN_COMMA = YES;
				CLANG_WARN_CONSTANT_CONVERSION = YES;
				CLANG_WARN_DEPRECATED_OBJC_IMPLEMENTATIONS = YES;
				CLANG_WARN_DIRECT_OBJC_ISA_USAGE = YES_ERROR;
				CLANG_WARN_DOCUMENTATION_COMMENTS = YES;
				CLANG_WARN_EMPTY_BODY = YES;
				CLANG_WARN_ENUM_CONVERSION = YES;
				CLANG_WARN_INFINITE_RECURSION = YES;
				CLANG_WARN_INT_CONVERSION = YES;
				CLANG_WARN_NON_LITERAL_NULL_CONVERSION = YES;
				CLANG_WARN_OBJC_IMPLICIT_RETAIN_SELF = YES;
				CLANG_WARN_OBJC_LITERAL_CONVERSION = YES;
				CLANG_WARN_OBJC_ROOT_CLASS = YES_ERROR;
				CLANG_WARN_RANGE_LOOP_ANALYSIS = YES;
				CLANG_WARN_STRICT_PROTOTYPES = YES;
				CLANG_WARN_SUSPICIOUS_MOVE = YES;
				CLANG_WARN_UNGUARDED_AVAILABILITY = YES_AGGRESSIVE;
				CLANG_WARN_UNREACHABLE_CODE = YES;
				CLANG_WARN__DUPLICATE_METHOD_MATCH = YES;
				COPY_PHASE_STRIP = NO;
				DEBUG_INFORMATION_FORMAT = "dwarf-with-dsym";
				ENABLE_NS_ASSERTIONS = NO;
				ENABLE_STRICT_OBJC_MSGSEND = YES;
				GCC_C_LANGUAGE_STANDARD = gnu11;
				GCC_NO_COMMON_BLOCKS = YES;
				GCC_WARN_64_TO_32_BIT_CONVERSION = YES;
				GCC_WARN_ABOUT_RETURN_TYPE = YES_ERROR;
				GCC_WARN_UNDECLARED_SELECTOR = YES;
				GCC_WARN_UNINITIALIZED_AUTOS = YES_AGGRESSIVE;
				GCC_WARN_UNUSED_FUNCTION = YES;
				GCC_WARN_UNUSED_VARIABLE = YES;
				MACOSX_DEPLOYMENT_TARGET = 10.14;
				MTL_ENABLE_DEBUG_INFO = NO;
				MTL_FAST_MATH = YES;
				SDKROOT = macosx;
			};
			name = Release;
		};
		09A2C03B2478E38A00CFB287 /* Debug */ = {
			isa = XCBuildConfiguration;
			buildSettings = {
				CLANG_CXX_LANGUAGE_STANDARD = "c++17";
				CODE_SIGN_STYLE = Automatic;
				FRAMEWORK_SEARCH_PATHS = "";
				GCC_OPTIMIZATION_LEVEL = 3;
				HEADER_SEARCH_PATHS = (
					/usr/local/Cellar/gflags/2.2.2/include,
					/usr/local/Cellar/cereal/1.3.0/include,
					"/usr/local/Cellar/sdl2/2.0.12_1/include/**",
					/usr/local/Cellar/sdl2/2.0.12_1/include/SDL2,
					/usr/local/Cellar/sdl2_ttf/2.0.15/include/SDL2,
				);
				LIBRARY_SEARCH_PATHS = (
					/usr/local/Cellar/gflags/2.2.2/lib,
					/usr/local/Cellar/sdl2/2.0.12_1/lib,
					/usr/local/Cellar/sdl2_ttf/2.0.15/lib,
				);
				OTHER_LDFLAGS = "-lSDL2_ttf";
				PRODUCT_NAME = "$(TARGET_NAME)";
			};
			name = Debug;
		};
		09A2C03C2478E38A00CFB287 /* Release */ = {
			isa = XCBuildConfiguration;
			buildSettings = {
				CLANG_CXX_LANGUAGE_STANDARD = "c++17";
				CODE_SIGN_STYLE = Automatic;
				FRAMEWORK_SEARCH_PATHS = "";
				HEADER_SEARCH_PATHS = (
					/usr/local/Cellar/gflags/2.2.2/include,
					/usr/local/Cellar/cereal/1.3.0/include,
					"/usr/local/Cellar/sdl2/2.0.12_1/include/**",
					/usr/local/Cellar/sdl2/2.0.12_1/include/SDL2,
					/usr/local/Cellar/sdl2_ttf/2.0.15/include/SDL2,
				);
				LIBRARY_SEARCH_PATHS = (
					/usr/local/Cellar/gflags/2.2.2/lib,
					/usr/local/Cellar/sdl2/2.0.12_1/lib,
					/usr/local/Cellar/sdl2_ttf/2.0.15/lib,
				);
				OTHER_LDFLAGS = "-lSDL2_ttf";
				PRODUCT_NAME = "$(TARGET_NAME)";
			};
			name = Release;
		};
		09FADCD124847E430020B5D4 /* Debug */ = {
			isa = XCBuildConfiguration;
			buildSettings = {
				CLANG_CXX_LANGUAGE_STANDARD = "c++98";
				CODE_SIGN_STYLE = Automatic;
				DYLIB_COMPATIBILITY_VERSION = 1;
				DYLIB_CURRENT_VERSION = 1;
				EXECUTABLE_PREFIX = lib;
				PRODUCT_NAME = "$(TARGET_NAME)";
				SKIP_INSTALL = YES;
			};
			name = Debug;
		};
		09FADCD224847E430020B5D4 /* Release */ = {
			isa = XCBuildConfiguration;
			buildSettings = {
				CLANG_CXX_LANGUAGE_STANDARD = "c++98";
				CODE_SIGN_STYLE = Automatic;
				DYLIB_COMPATIBILITY_VERSION = 1;
				DYLIB_CURRENT_VERSION = 1;
				EXECUTABLE_PREFIX = lib;
				PRODUCT_NAME = "$(TARGET_NAME)";
				SKIP_INSTALL = YES;
			};
			name = Release;
		};
/* End XCBuildConfiguration section */

/* Begin XCConfigurationList section */
		092ED1F3248C63FB00869007 /* Build configuration list for PBXNativeTarget "CHRLoupe" */ = {
			isa = XCConfigurationList;
			buildConfigurations = (
				092ED1F4248C63FB00869007 /* Debug */,
				092ED1F5248C63FB00869007 /* Release */,
			);
			defaultConfigurationIsVisible = 0;
			defaultConfigurationName = Release;
		};
		09A2C02E2478E38A00CFB287 /* Build configuration list for PBXProject "xcode" */ = {
			isa = XCConfigurationList;
			buildConfigurations = (
				09A2C0382478E38A00CFB287 /* Debug */,
				09A2C0392478E38A00CFB287 /* Release */,
			);
			defaultConfigurationIsVisible = 0;
			defaultConfigurationName = Release;
		};
		09A2C03A2478E38A00CFB287 /* Build configuration list for PBXNativeTarget "xcode" */ = {
			isa = XCConfigurationList;
			buildConfigurations = (
				09A2C03B2478E38A00CFB287 /* Debug */,
				09A2C03C2478E38A00CFB287 /* Release */,
			);
			defaultConfigurationIsVisible = 0;
			defaultConfigurationName = Release;
		};
		09FADCD024847E430020B5D4 /* Build configuration list for PBXNativeTarget "nes_apu" */ = {
			isa = XCConfigurationList;
			buildConfigurations = (
				09FADCD124847E430020B5D4 /* Debug */,
				09FADCD224847E430020B5D4 /* Release */,
			);
			defaultConfigurationIsVisible = 0;
			defaultConfigurationName = Release;
		};
/* End XCConfigurationList section */
	};
	rootObject = 09A2C02B2478E38A00CFB287 /* Project object */;
}
